<?xml version="1.0" encoding="utf-8"?>
<Project ToolsVersion="Current" xmlns="http://schemas.microsoft.com/developer/msbuild/2003">
  <ItemGroup>
    <ClCompile Include="WSAInitializer.cpp">
      <Filter>source files</Filter>
    </ClCompile>
    <ClCompile Include="SqliteDataBase.cpp">
      <Filter>source files</Filter>
    </ClCompile>
    <ClCompile Include="Server.cpp">
      <Filter>source files</Filter>
    </ClCompile>
    <ClCompile Include="sqlite3.c">
      <Filter>source files</Filter>
    </ClCompile>
    <ClCompile Include="RequestHandlerFactory.cpp">
      <Filter>source files</Filter>
    </ClCompile>
    <ClCompile Include="RecvMessage.cpp">
      <Filter>source files</Filter>
    </ClCompile>
    <ClCompile Include="main.cpp">
      <Filter>source files</Filter>
    </ClCompile>
    <ClCompile Include="MagshChat.cpp">
      <Filter>source files</Filter>
    </ClCompile>
    <ClCompile Include="LoginRequestHandler.cpp">
      <Filter>source files</Filter>
    </ClCompile>
    <ClCompile Include="LoginManager.cpp">
      <Filter>source files</Filter>
    </ClCompile>
    <ClCompile Include="JsonResponsePacketSerializer.cpp">
      <Filter>source files</Filter>
    </ClCompile>
    <ClCompile Include="JsonRequestPacketDeserializer.cpp">
      <Filter>source files</Filter>
    </ClCompile>
    <ClCompile Include="IDatabace.cpp">
      <Filter>source files</Filter>
    </ClCompile>
    <ClCompile Include="Helper.cpp">
      <Filter>source files</Filter>
    </ClCompile>
    <ClCompile Include="Communicator.cpp">
      <Filter>source files</Filter>
    </ClCompile>
    <ClCompile Include="MenuRequestHandler.cpp">
      <Filter>source files</Filter>
    </ClCompile>
    <ClCompile Include="RoomManager.cpp">
      <Filter>source files</Filter>
    </ClCompile>
    <ClCompile Include="StatisticsManager.cpp">
      <Filter>source files</Filter>
    </ClCompile>
    <ClCompile Include="createTablequ.cpp">
      <Filter>source files</Filter>
    </ClCompile>
    <ClCompile Include="Question.cpp" />
  </ItemGroup>
  <ItemGroup>
    <ClInclude Include="Communicator.h">
      <Filter>heder files</Filter>
    </ClInclude>
    <ClInclude Include="ErrorResponse.h">
      <Filter>heder files</Filter>
    </ClInclude>
    <ClInclude Include="Helper.h">
      <Filter>heder files</Filter>
    </ClInclude>
    <ClInclude Include="IDatabase.h">
      <Filter>heder files</Filter>
    </ClInclude>
    <ClInclude Include="IRequestHandler.h">
      <Filter>heder files</Filter>
    </ClInclude>
    <ClInclude Include="json.hpp">
      <Filter>heder files</Filter>
    </ClInclude>
    <ClInclude Include="JsonRequestPacketDeserializer.h">
      <Filter>heder files</Filter>
    </ClInclude>
    <ClInclude Include="JsonResponsePacketSerializer.h">
      <Filter>heder files</Filter>
    </ClInclude>
    <ClInclude Include="LoggedUser.h">
      <Filter>heder files</Filter>
    </ClInclude>
    <ClInclude Include="LoginManager.h">
      <Filter>heder files</Filter>
    </ClInclude>
    <ClInclude Include="LoginRequest.h">
      <Filter>heder files</Filter>
    </ClInclude>
    <ClInclude Include="LoginRequestHandler.h">
      <Filter>heder files</Filter>
    </ClInclude>
    <ClInclude Include="LoginResponse.h">
      <Filter>heder files</Filter>
    </ClInclude>
    <ClInclude Include="MagshChat.h">
      <Filter>heder files</Filter>
    </ClInclude>
    <ClInclude Include="RecvMessage.h">
      <Filter>heder files</Filter>
    </ClInclude>
    <ClInclude Include="RequestHandlerFactory.h">
      <Filter>heder files</Filter>
    </ClInclude>
    <ClInclude Include="RequestInfo.h">
      <Filter>heder files</Filter>
    </ClInclude>
    <ClInclude Include="RequestResult.h">
      <Filter>heder files</Filter>
    </ClInclude>
    <ClInclude Include="resource.h">
      <Filter>heder files</Filter>
    </ClInclude>
    <ClInclude Include="Server.h">
      <Filter>heder files</Filter>
    </ClInclude>
    <ClInclude Include="SignupRequest.h">
      <Filter>heder files</Filter>
    </ClInclude>
    <ClInclude Include="SignupResponse.h">
      <Filter>heder files</Filter>
    </ClInclude>
    <ClInclude Include="sqlite3.h">
      <Filter>heder files</Filter>
    </ClInclude>
    <ClInclude Include="SqliteDataBase.h">
      <Filter>heder files</Filter>
    </ClInclude>
    <ClInclude Include="WSAInitializer.h">
      <Filter>heder files</Filter>
    </ClInclude>
    <ClInclude Include="MenuRequestHandler.h">
      <Filter>heder files</Filter>
    </ClInclude>
    <ClInclude Include="RoomManager.h">
      <Filter>heder files</Filter>
    </ClInclude>
    <ClInclude Include="StatisticsManager.h">
      <Filter>heder files</Filter>
    </ClInclude>
    <ClInclude Include="RoomData.h">
      <Filter>heder files</Filter>
    </ClInclude>
    <ClInclude Include="Question.h">
      <Filter>heder files</Filter>
    </ClInclude>
    <ClInclude Include="LogoutResponse.h">
      <Filter>heder files</Filter>
    </ClInclude>
    <ClInclude Include="JoinRoomResponse.h">
      <Filter>heder files</Filter>
    </ClInclude>
    <ClInclude Include="JoinRoomRequest.h">
      <Filter>heder files</Filter>
    </ClInclude>
    <ClInclude Include="GetRoomsResponse.h">
      <Filter>heder files</Filter>
    </ClInclude>
    <ClInclude Include="GetPlayersInRoomResponse.h">
      <Filter>heder files</Filter>
    </ClInclude>
    <ClInclude Include="GetPlayersInRoomRequest.h">
      <Filter>heder files</Filter>
    </ClInclude>
    <ClInclude Include="getPersonalStatsResponse.h">
      <Filter>heder files</Filter>
    </ClInclude>
    <ClInclude Include="getHighScoreResponse.h">
      <Filter>heder files</Filter>
    </ClInclude>
    <ClInclude Include="CreateRoomResponse.h">
      <Filter>heder files</Filter>
    </ClInclude>
    <ClInclude Include="CreateRoomRequest.h">
      <Filter>heder files</Filter>
    </ClInclude>
  </ItemGroup>
  <ItemGroup>
    <Filter Include="heder files">
      <UniqueIdentifier>{9d08cc6b-07b0-4e32-8ff1-3a030ccd791f}</UniqueIdentifier>
    </Filter>
    <Filter Include="source files">
      <UniqueIdentifier>{2ab71972-bda4-4c28-b93c-b6a24cece080}</UniqueIdentifier>
    </Filter>
  </ItemGroup>
  <ItemGroup>
    <ResourceCompile Include="ProjectServer.rc">
      <Filter>source files</Filter>
    </ResourceCompile>
  </ItemGroup>
</Project>